PODS:
  - AFNetworking (2.5.1):
    - AFNetworking/NSURLConnection (= 2.5.1)
    - AFNetworking/NSURLSession (= 2.5.1)
    - AFNetworking/Reachability (= 2.5.1)
    - AFNetworking/Security (= 2.5.1)
    - AFNetworking/Serialization (= 2.5.1)
    - AFNetworking/UIKit (= 2.5.1)
  - AFNetworking/NSURLConnection (2.5.1):
    - AFNetworking/Reachability
    - AFNetworking/Security
    - AFNetworking/Serialization
  - AFNetworking/NSURLSession (2.5.1):
    - AFNetworking/Reachability
    - AFNetworking/Security
    - AFNetworking/Serialization
  - AFNetworking/Reachability (2.5.1)
  - AFNetworking/Security (2.5.1)
  - AFNetworking/Serialization (2.5.1)
  - AFNetworking/UIKit (2.5.1):
    - AFNetworking/NSURLConnection
    - AFNetworking/NSURLSession
  - MDMCoreData (1.5.0):
    - MDMCoreData/MDMCoreDataCore (= 1.5.0)
    - MDMCoreData/MDMFetchedResultsCollectionDataSource (= 1.5.0)
    - MDMCoreData/MDMFetchedResultsTableDataSource (= 1.5.0)
    - MDMCoreData/MDMPersistenceController (= 1.5.0)
    - MDMCoreData/NSManagedObject+MDMCoreDataAdditions (= 1.5.0)
  - MDMCoreData/MDMCoreDataCore (1.5.0)
  - MDMCoreData/MDMFetchedResultsCollectionDataSource (1.5.0):
    - MDMCoreData/MDMCoreDataCore
  - MDMCoreData/MDMFetchedResultsTableDataSource (1.5.0):
    - MDMCoreData/MDMCoreDataCore
  - MDMCoreData/MDMPersistenceController (1.5.0):
    - MDMCoreData/MDMCoreDataCore
  - MDMCoreData/NSManagedObject+MDMCoreDataAdditions (1.5.0):
    - MDMCoreData/MDMCoreDataCore

DEPENDENCIES:
  - AFNetworking
  - MDMCoreData

SPEC CHECKSUMS:
  AFNetworking: 10e85a00bb0f475124e4ff2677bf15693b2c1523
  MDMCoreData: 402f754cda90865026a209243f1667824e775649

COCOAPODS: 0.39.0
