// !$*UTF8*$!
{
	archiveVersion = 1;
	classes = {
	};
	objectVersion = 46;
	objects = {

/* Begin PBXAggregateTarget section */
		C1E925C51A8E512900B28786 /* mogenerator */ = {
			isa = PBXAggregateTarget;
			buildConfigurationList = C1E925C61A8E512900B28786 /* Build configuration list for PBXAggregateTarget "mogenerator" */;
			buildPhases = (
				C1E925C91A8E516B00B28786 /* ShellScript */,
			);
			dependencies = (
			);
			name = mogenerator;
			productName = mogenerator;
		};
/* End PBXAggregateTarget section */

/* Begin PBXBuildFile section */
		C13B8AD81C60AE8A00EDE167 /* AFHTTPSessionManager.m in Sources */ = {isa = PBXBuildFile; fileRef = C13B8AA21C60AE8A00EDE167 /* AFHTTPSessionManager.m */; };
		C13B8AD91C60AE8A00EDE167 /* AFNetworkReachabilityManager.m in Sources */ = {isa = PBXBuildFile; fileRef = C13B8AA51C60AE8A00EDE167 /* AFNetworkReachabilityManager.m */; };
		C13B8ADA1C60AE8A00EDE167 /* AFSecurityPolicy.m in Sources */ = {isa = PBXBuildFile; fileRef = C13B8AA71C60AE8A00EDE167 /* AFSecurityPolicy.m */; };
		C13B8ADB1C60AE8A00EDE167 /* AFURLRequestSerialization.m in Sources */ = {isa = PBXBuildFile; fileRef = C13B8AA91C60AE8A00EDE167 /* AFURLRequestSerialization.m */; };
		C13B8ADC1C60AE8A00EDE167 /* AFURLResponseSerialization.m in Sources */ = {isa = PBXBuildFile; fileRef = C13B8AAB1C60AE8A00EDE167 /* AFURLResponseSerialization.m */; };
		C13B8ADD1C60AE8A00EDE167 /* AFURLSessionManager.m in Sources */ = {isa = PBXBuildFile; fileRef = C13B8AAD1C60AE8A00EDE167 /* AFURLSessionManager.m */; };
		C13B8ADE1C60AE8A00EDE167 /* LICENSE in Resources */ = {isa = PBXBuildFile; fileRef = C13B8AAE1C60AE8A00EDE167 /* LICENSE */; };
		C13B8ADF1C60AE8A00EDE167 /* README.md in Sources */ = {isa = PBXBuildFile; fileRef = C13B8AAF1C60AE8A00EDE167 /* README.md */; };
		C13B8AE01C60AE8A00EDE167 /* AFAutoPurgingImageCache.m in Sources */ = {isa = PBXBuildFile; fileRef = C13B8AB21C60AE8A00EDE167 /* AFAutoPurgingImageCache.m */; };
		C13B8AE11C60AE8A00EDE167 /* AFImageDownloader.m in Sources */ = {isa = PBXBuildFile; fileRef = C13B8AB41C60AE8A00EDE167 /* AFImageDownloader.m */; };
		C13B8AE21C60AE8A00EDE167 /* AFNetworkActivityIndicatorManager.m in Sources */ = {isa = PBXBuildFile; fileRef = C13B8AB61C60AE8A00EDE167 /* AFNetworkActivityIndicatorManager.m */; };
		C13B8AE31C60AE8A00EDE167 /* UIActivityIndicatorView+AFNetworking.m in Sources */ = {isa = PBXBuildFile; fileRef = C13B8AB81C60AE8A00EDE167 /* UIActivityIndicatorView+AFNetworking.m */; };
		C13B8AE41C60AE8A00EDE167 /* UIButton+AFNetworking.m in Sources */ = {isa = PBXBuildFile; fileRef = C13B8ABA1C60AE8A00EDE167 /* UIButton+AFNetworking.m */; };
		C13B8AE51C60AE8A00EDE167 /* UIImageView+AFNetworking.m in Sources */ = {isa = PBXBuildFile; fileRef = C13B8ABD1C60AE8A00EDE167 /* UIImageView+AFNetworking.m */; };
		C13B8AE61C60AE8A00EDE167 /* UIProgressView+AFNetworking.m in Sources */ = {isa = PBXBuildFile; fileRef = C13B8AC01C60AE8A00EDE167 /* UIProgressView+AFNetworking.m */; };
		C13B8AE71C60AE8A00EDE167 /* UIRefreshControl+AFNetworking.m in Sources */ = {isa = PBXBuildFile; fileRef = C13B8AC21C60AE8A00EDE167 /* UIRefreshControl+AFNetworking.m */; };
		C13B8AE81C60AE8A00EDE167 /* UIWebView+AFNetworking.m in Sources */ = {isa = PBXBuildFile; fileRef = C13B8AC41C60AE8A00EDE167 /* UIWebView+AFNetworking.m */; };
		C13B8AE91C60AE8A00EDE167 /* MDMFetchedResultsCollectionDataSource.m in Sources */ = {isa = PBXBuildFile; fileRef = C13B8ACC1C60AE8A00EDE167 /* MDMFetchedResultsCollectionDataSource.m */; };
		C13B8AEA1C60AE8A00EDE167 /* MDMFetchedResultsTableDataSource.m in Sources */ = {isa = PBXBuildFile; fileRef = C13B8ACF1C60AE8A00EDE167 /* MDMFetchedResultsTableDataSource.m */; };
		C13B8AEB1C60AE8A00EDE167 /* MDMPersistenceController.m in Sources */ = {isa = PBXBuildFile; fileRef = C13B8AD21C60AE8A00EDE167 /* MDMPersistenceController.m */; };
		C13B8AEC1C60AE8A00EDE167 /* NSManagedObject+MDMCoreDataAdditions.m in Sources */ = {isa = PBXBuildFile; fileRef = C13B8AD51C60AE8A00EDE167 /* NSManagedObject+MDMCoreDataAdditions.m */; };
		C13B8AED1C60AE8A00EDE167 /* LICENSE in Resources */ = {isa = PBXBuildFile; fileRef = C13B8AD61C60AE8A00EDE167 /* LICENSE */; };
		C13B8AEE1C60AE8A00EDE167 /* README.md in Sources */ = {isa = PBXBuildFile; fileRef = C13B8AD71C60AE8A00EDE167 /* README.md */; };
		C19278681A8E42BD009573A0 /* main.m in Sources */ = {isa = PBXBuildFile; fileRef = C19278671A8E42BD009573A0 /* main.m */; };
		C192786B1A8E42BD009573A0 /* AppDelegate.m in Sources */ = {isa = PBXBuildFile; fileRef = C192786A1A8E42BD009573A0 /* AppDelegate.m */; };
		C19278761A8E42BD009573A0 /* Images.xcassets in Resources */ = {isa = PBXBuildFile; fileRef = C19278751A8E42BD009573A0 /* Images.xcassets */; };
		C19278791A8E42BD009573A0 /* LaunchScreen.xib in Resources */ = {isa = PBXBuildFile; fileRef = C19278771A8E42BD009573A0 /* LaunchScreen.xib */; };
		C19278851A8E42BE009573A0 /* MovieDbTests.m in Sources */ = {isa = PBXBuildFile; fileRef = C19278841A8E42BE009573A0 /* MovieDbTests.m */; };
		C1A49CCE1AA43E6300ED09C0 /* PopularMoviesViewControllerTests.m in Sources */ = {isa = PBXBuildFile; fileRef = C1A49CCD1AA43E6300ED09C0 /* PopularMoviesViewControllerTests.m */; };
		C1A49CD01AA4604300ED09C0 /* MovieDbTableViewCellTests.m in Sources */ = {isa = PBXBuildFile; fileRef = C1A49CCF1AA4604300ED09C0 /* MovieDbTableViewCellTests.m */; };
		C1DD229E1A8F6D4E00DF651B /* CoreDataTests.m in Sources */ = {isa = PBXBuildFile; fileRef = C1DD229D1A8F6D4E00DF651B /* CoreDataTests.m */; };
		C1DD22A01A8F732A00DF651B /* MovieDbClientTests.m in Sources */ = {isa = PBXBuildFile; fileRef = C1DD229F1A8F732A00DF651B /* MovieDbClientTests.m */; };
		C1DD22B51A8F883F00DF651B /* _CDMovie.m in Sources */ = {isa = PBXBuildFile; fileRef = C1DD22A31A8F883F00DF651B /* _CDMovie.m */; };
		C1DD22B61A8F883F00DF651B /* _CDMovie.m in Sources */ = {isa = PBXBuildFile; fileRef = C1DD22A31A8F883F00DF651B /* _CDMovie.m */; };
		C1DD22B71A8F883F00DF651B /* CDMovie.m in Sources */ = {isa = PBXBuildFile; fileRef = C1DD22A51A8F883F00DF651B /* CDMovie.m */; };
		C1DD22B81A8F883F00DF651B /* CDMovie.m in Sources */ = {isa = PBXBuildFile; fileRef = C1DD22A51A8F883F00DF651B /* CDMovie.m */; };
		C1DD22B91A8F883F00DF651B /* MovieDatabaseContext.m in Sources */ = {isa = PBXBuildFile; fileRef = C1DD22A81A8F883F00DF651B /* MovieDatabaseContext.m */; };
		C1DD22BA1A8F883F00DF651B /* MovieDatabaseContext.m in Sources */ = {isa = PBXBuildFile; fileRef = C1DD22A81A8F883F00DF651B /* MovieDatabaseContext.m */; };
		C1DD22BB1A8F883F00DF651B /* MovieDb.xcdatamodeld in Sources */ = {isa = PBXBuildFile; fileRef = C1DD22A91A8F883F00DF651B /* MovieDb.xcdatamodeld */; };
		C1DD22BC1A8F883F00DF651B /* MovieDb.xcdatamodeld in Sources */ = {isa = PBXBuildFile; fileRef = C1DD22A91A8F883F00DF651B /* MovieDb.xcdatamodeld */; };
		C1DD22BD1A8F883F00DF651B /* MovieDetailViewController.m in Sources */ = {isa = PBXBuildFile; fileRef = C1DD22AE1A8F883F00DF651B /* MovieDetailViewController.m */; };
		C1DD22BE1A8F883F00DF651B /* MovieDetailViewController.m in Sources */ = {isa = PBXBuildFile; fileRef = C1DD22AE1A8F883F00DF651B /* MovieDetailViewController.m */; };
		C1DD22BF1A8F883F00DF651B /* PopularMoviesViewController.m in Sources */ = {isa = PBXBuildFile; fileRef = C1DD22B01A8F883F00DF651B /* PopularMoviesViewController.m */; };
		C1DD22C01A8F883F00DF651B /* PopularMoviesViewController.m in Sources */ = {isa = PBXBuildFile; fileRef = C1DD22B01A8F883F00DF651B /* PopularMoviesViewController.m */; };
		C1DD22C11A8F883F00DF651B /* MovieDbTableViewCell.m in Sources */ = {isa = PBXBuildFile; fileRef = C1DD22B31A8F883F00DF651B /* MovieDbTableViewCell.m */; };
		C1DD22C21A8F883F00DF651B /* MovieDbTableViewCell.m in Sources */ = {isa = PBXBuildFile; fileRef = C1DD22B31A8F883F00DF651B /* MovieDbTableViewCell.m */; };
		C1DD22C31A8F883F00DF651B /* MovieDbTableViewCell.xib in Resources */ = {isa = PBXBuildFile; fileRef = C1DD22B41A8F883F00DF651B /* MovieDbTableViewCell.xib */; };
		C1DD22C41A8F883F00DF651B /* MovieDbTableViewCell.xib in Resources */ = {isa = PBXBuildFile; fileRef = C1DD22B41A8F883F00DF651B /* MovieDbTableViewCell.xib */; };
		C1DD22C61A8F888B00DF651B /* Main.storyboard in Resources */ = {isa = PBXBuildFile; fileRef = C1DD22C51A8F888B00DF651B /* Main.storyboard */; };
		C1DD22C71A8F888B00DF651B /* Main.storyboard in Resources */ = {isa = PBXBuildFile; fileRef = C1DD22C51A8F888B00DF651B /* Main.storyboard */; };
		C1E925C31A8E45D800B28786 /* AFMovieDbClient.m in Sources */ = {isa = PBXBuildFile; fileRef = C1E925C21A8E45D800B28786 /* AFMovieDbClient.m */; };
		C1E925C41A8E45D800B28786 /* AFMovieDbClient.m in Sources */ = {isa = PBXBuildFile; fileRef = C1E925C21A8E45D800B28786 /* AFMovieDbClient.m */; };
		C1E925D61A8E5C1C00B28786 /* Constants.m in Sources */ = {isa = PBXBuildFile; fileRef = C1E925D51A8E5C1C00B28786 /* Constants.m */; };
		C1E925D71A8E5C2200B28786 /* Constants.m in Sources */ = {isa = PBXBuildFile; fileRef = C1E925D51A8E5C1C00B28786 /* Constants.m */; };
/* End PBXBuildFile section */

/* Begin PBXContainerItemProxy section */
		C192787F1A8E42BE009573A0 /* PBXContainerItemProxy */ = {
			isa = PBXContainerItemProxy;
			containerPortal = C192785A1A8E42BD009573A0 /* Project object */;
			proxyType = 1;
			remoteGlobalIDString = C19278611A8E42BD009573A0;
			remoteInfo = MovieDb;
		};
/* End PBXContainerItemProxy section */

/* Begin PBXFileReference section */
		38E45BD9D4B385ECDA73BDAB /* libPods-Movie Example.a */ = {isa = PBXFileReference; explicitFileType = archive.ar; includeInIndex = 0; path = "libPods-Movie Example.a"; sourceTree = BUILT_PRODUCTS_DIR; };
		91F1247B0951BA9462B6834B /* libPods-MovieDb.a */ = {isa = PBXFileReference; explicitFileType = archive.ar; includeInIndex = 0; path = "libPods-MovieDb.a"; sourceTree = BUILT_PRODUCTS_DIR; };
		B408D29B99F0441459F8D413 /* libPods-MovieDbTests.a */ = {isa = PBXFileReference; explicitFileType = archive.ar; includeInIndex = 0; path = "libPods-MovieDbTests.a"; sourceTree = BUILT_PRODUCTS_DIR; };
		C13B8AA11C60AE8A00EDE167 /* AFHTTPSessionManager.h */ = {isa = PBXFileReference; fileEncoding = 4; lastKnownFileType = sourcecode.c.h; path = AFHTTPSessionManager.h; sourceTree = "<group>"; };
		C13B8AA21C60AE8A00EDE167 /* AFHTTPSessionManager.m */ = {isa = PBXFileReference; fileEncoding = 4; lastKnownFileType = sourcecode.c.objc; path = AFHTTPSessionManager.m; sourceTree = "<group>"; };
		C13B8AA31C60AE8A00EDE167 /* AFNetworking.h */ = {isa = PBXFileReference; fileEncoding = 4; lastKnownFileType = sourcecode.c.h; path = AFNetworking.h; sourceTree = "<group>"; };
		C13B8AA41C60AE8A00EDE167 /* AFNetworkReachabilityManager.h */ = {isa = PBXFileReference; fileEncoding = 4; lastKnownFileType = sourcecode.c.h; path = AFNetworkReachabilityManager.h; sourceTree = "<group>"; };
		C13B8AA51C60AE8A00EDE167 /* AFNetworkReachabilityManager.m */ = {isa = PBXFileReference; fileEncoding = 4; lastKnownFileType = sourcecode.c.objc; path = AFNetworkReachabilityManager.m; sourceTree = "<group>"; };
		C13B8AA61C60AE8A00EDE167 /* AFSecurityPolicy.h */ = {isa = PBXFileReference; fileEncoding = 4; lastKnownFileType = sourcecode.c.h; path = AFSecurityPolicy.h; sourceTree = "<group>"; };
		C13B8AA71C60AE8A00EDE167 /* AFSecurityPolicy.m */ = {isa = PBXFileReference; fileEncoding = 4; lastKnownFileType = sourcecode.c.objc; path = AFSecurityPolicy.m; sourceTree = "<group>"; };
		C13B8AA81C60AE8A00EDE167 /* AFURLRequestSerialization.h */ = {isa = PBXFileReference; fileEncoding = 4; lastKnownFileType = sourcecode.c.h; path = AFURLRequestSerialization.h; sourceTree = "<group>"; };
		C13B8AA91C60AE8A00EDE167 /* AFURLRequestSerialization.m */ = {isa = PBXFileReference; fileEncoding = 4; lastKnownFileType = sourcecode.c.objc; path = AFURLRequestSerialization.m; sourceTree = "<group>"; };
		C13B8AAA1C60AE8A00EDE167 /* AFURLResponseSerialization.h */ = {isa = PBXFileReference; fileEncoding = 4; lastKnownFileType = sourcecode.c.h; path = AFURLResponseSerialization.h; sourceTree = "<group>"; };
		C13B8AAB1C60AE8A00EDE167 /* AFURLResponseSerialization.m */ = {isa = PBXFileReference; fileEncoding = 4; lastKnownFileType = sourcecode.c.objc; path = AFURLResponseSerialization.m; sourceTree = "<group>"; };
		C13B8AAC1C60AE8A00EDE167 /* AFURLSessionManager.h */ = {isa = PBXFileReference; fileEncoding = 4; lastKnownFileType = sourcecode.c.h; path = AFURLSessionManager.h; sourceTree = "<group>"; };
		C13B8AAD1C60AE8A00EDE167 /* AFURLSessionManager.m */ = {isa = PBXFileReference; fileEncoding = 4; lastKnownFileType = sourcecode.c.objc; path = AFURLSessionManager.m; sourceTree = "<group>"; };
		C13B8AAE1C60AE8A00EDE167 /* LICENSE */ = {isa = PBXFileReference; fileEncoding = 4; lastKnownFileType = text; path = LICENSE; sourceTree = "<group>"; };
		C13B8AAF1C60AE8A00EDE167 /* README.md */ = {isa = PBXFileReference; fileEncoding = 4; lastKnownFileType = net.daringfireball.markdown; path = README.md; sourceTree = "<group>"; };
		C13B8AB11C60AE8A00EDE167 /* AFAutoPurgingImageCache.h */ = {isa = PBXFileReference; fileEncoding = 4; lastKnownFileType = sourcecode.c.h; path = AFAutoPurgingImageCache.h; sourceTree = "<group>"; };
		C13B8AB21C60AE8A00EDE167 /* AFAutoPurgingImageCache.m */ = {isa = PBXFileReference; fileEncoding = 4; lastKnownFileType = sourcecode.c.objc; path = AFAutoPurgingImageCache.m; sourceTree = "<group>"; };
		C13B8AB31C60AE8A00EDE167 /* AFImageDownloader.h */ = {isa = PBXFileReference; fileEncoding = 4; lastKnownFileType = sourcecode.c.h; path = AFImageDownloader.h; sourceTree = "<group>"; };
		C13B8AB41C60AE8A00EDE167 /* AFImageDownloader.m */ = {isa = PBXFileReference; fileEncoding = 4; lastKnownFileType = sourcecode.c.objc; path = AFImageDownloader.m; sourceTree = "<group>"; };
		C13B8AB51C60AE8A00EDE167 /* AFNetworkActivityIndicatorManager.h */ = {isa = PBXFileReference; fileEncoding = 4; lastKnownFileType = sourcecode.c.h; path = AFNetworkActivityIndicatorManager.h; sourceTree = "<group>"; };
		C13B8AB61C60AE8A00EDE167 /* AFNetworkActivityIndicatorManager.m */ = {isa = PBXFileReference; fileEncoding = 4; lastKnownFileType = sourcecode.c.objc; path = AFNetworkActivityIndicatorManager.m; sourceTree = "<group>"; };
		C13B8AB71C60AE8A00EDE167 /* UIActivityIndicatorView+AFNetworking.h */ = {isa = PBXFileReference; fileEncoding = 4; lastKnownFileType = sourcecode.c.h; path = "UIActivityIndicatorView+AFNetworking.h"; sourceTree = "<group>"; };
		C13B8AB81C60AE8A00EDE167 /* UIActivityIndicatorView+AFNetworking.m */ = {isa = PBXFileReference; fileEncoding = 4; lastKnownFileType = sourcecode.c.objc; path = "UIActivityIndicatorView+AFNetworking.m"; sourceTree = "<group>"; };
		C13B8AB91C60AE8A00EDE167 /* UIButton+AFNetworking.h */ = {isa = PBXFileReference; fileEncoding = 4; lastKnownFileType = sourcecode.c.h; path = "UIButton+AFNetworking.h"; sourceTree = "<group>"; };
		C13B8ABA1C60AE8A00EDE167 /* UIButton+AFNetworking.m */ = {isa = PBXFileReference; fileEncoding = 4; lastKnownFileType = sourcecode.c.objc; path = "UIButton+AFNetworking.m"; sourceTree = "<group>"; };
		C13B8ABB1C60AE8A00EDE167 /* UIImage+AFNetworking.h */ = {isa = PBXFileReference; fileEncoding = 4; lastKnownFileType = sourcecode.c.h; path = "UIImage+AFNetworking.h"; sourceTree = "<group>"; };
		C13B8ABC1C60AE8A00EDE167 /* UIImageView+AFNetworking.h */ = {isa = PBXFileReference; fileEncoding = 4; lastKnownFileType = sourcecode.c.h; path = "UIImageView+AFNetworking.h"; sourceTree = "<group>"; };
		C13B8ABD1C60AE8A00EDE167 /* UIImageView+AFNetworking.m */ = {isa = PBXFileReference; fileEncoding = 4; lastKnownFileType = sourcecode.c.objc; path = "UIImageView+AFNetworking.m"; sourceTree = "<group>"; };
		C13B8ABE1C60AE8A00EDE167 /* UIKit+AFNetworking.h */ = {isa = PBXFileReference; fileEncoding = 4; lastKnownFileType = sourcecode.c.h; path = "UIKit+AFNetworking.h"; sourceTree = "<group>"; };
		C13B8ABF1C60AE8A00EDE167 /* UIProgressView+AFNetworking.h */ = {isa = PBXFileReference; fileEncoding = 4; lastKnownFileType = sourcecode.c.h; path = "UIProgressView+AFNetworking.h"; sourceTree = "<group>"; };
		C13B8AC01C60AE8A00EDE167 /* UIProgressView+AFNetworking.m */ = {isa = PBXFileReference; fileEncoding = 4; lastKnownFileType = sourcecode.c.objc; path = "UIProgressView+AFNetworking.m"; sourceTree = "<group>"; };
		C13B8AC11C60AE8A00EDE167 /* UIRefreshControl+AFNetworking.h */ = {isa = PBXFileReference; fileEncoding = 4; lastKnownFileType = sourcecode.c.h; path = "UIRefreshControl+AFNetworking.h"; sourceTree = "<group>"; };
		C13B8AC21C60AE8A00EDE167 /* UIRefreshControl+AFNetworking.m */ = {isa = PBXFileReference; fileEncoding = 4; lastKnownFileType = sourcecode.c.objc; path = "UIRefreshControl+AFNetworking.m"; sourceTree = "<group>"; };
		C13B8AC31C60AE8A00EDE167 /* UIWebView+AFNetworking.h */ = {isa = PBXFileReference; fileEncoding = 4; lastKnownFileType = sourcecode.c.h; path = "UIWebView+AFNetworking.h"; sourceTree = "<group>"; };
		C13B8AC41C60AE8A00EDE167 /* UIWebView+AFNetworking.m */ = {isa = PBXFileReference; fileEncoding = 4; lastKnownFileType = sourcecode.c.objc; path = "UIWebView+AFNetworking.m"; sourceTree = "<group>"; };
		C13B8AC71C60AE8A00EDE167 /* MDMCoreData.h */ = {isa = PBXFileReference; fileEncoding = 4; lastKnownFileType = sourcecode.c.h; path = MDMCoreData.h; sourceTree = "<group>"; };
		C13B8AC91C60AE8A00EDE167 /* MDMCoreDataMacros.h */ = {isa = PBXFileReference; fileEncoding = 4; lastKnownFileType = sourcecode.c.h; path = MDMCoreDataMacros.h; sourceTree = "<group>"; };
		C13B8ACB1C60AE8A00EDE167 /* MDMFetchedResultsCollectionDataSource.h */ = {isa = PBXFileReference; fileEncoding = 4; lastKnownFileType = sourcecode.c.h; path = MDMFetchedResultsCollectionDataSource.h; sourceTree = "<group>"; };
		C13B8ACC1C60AE8A00EDE167 /* MDMFetchedResultsCollectionDataSource.m */ = {isa = PBXFileReference; fileEncoding = 4; lastKnownFileType = sourcecode.c.objc; path = MDMFetchedResultsCollectionDataSource.m; sourceTree = "<group>"; };
		C13B8ACE1C60AE8A00EDE167 /* MDMFetchedResultsTableDataSource.h */ = {isa = PBXFileReference; fileEncoding = 4; lastKnownFileType = sourcecode.c.h; path = MDMFetchedResultsTableDataSource.h; sourceTree = "<group>"; };
		C13B8ACF1C60AE8A00EDE167 /* MDMFetchedResultsTableDataSource.m */ = {isa = PBXFileReference; fileEncoding = 4; lastKnownFileType = sourcecode.c.objc; path = MDMFetchedResultsTableDataSource.m; sourceTree = "<group>"; };
		C13B8AD11C60AE8A00EDE167 /* MDMPersistenceController.h */ = {isa = PBXFileReference; fileEncoding = 4; lastKnownFileType = sourcecode.c.h; path = MDMPersistenceController.h; sourceTree = "<group>"; };
		C13B8AD21C60AE8A00EDE167 /* MDMPersistenceController.m */ = {isa = PBXFileReference; fileEncoding = 4; lastKnownFileType = sourcecode.c.objc; path = MDMPersistenceController.m; sourceTree = "<group>"; };
		C13B8AD41C60AE8A00EDE167 /* NSManagedObject+MDMCoreDataAdditions.h */ = {isa = PBXFileReference; fileEncoding = 4; lastKnownFileType = sourcecode.c.h; path = "NSManagedObject+MDMCoreDataAdditions.h"; sourceTree = "<group>"; };
		C13B8AD51C60AE8A00EDE167 /* NSManagedObject+MDMCoreDataAdditions.m */ = {isa = PBXFileReference; fileEncoding = 4; lastKnownFileType = sourcecode.c.objc; path = "NSManagedObject+MDMCoreDataAdditions.m"; sourceTree = "<group>"; };
		C13B8AD61C60AE8A00EDE167 /* LICENSE */ = {isa = PBXFileReference; fileEncoding = 4; lastKnownFileType = text; path = LICENSE; sourceTree = "<group>"; };
		C13B8AD71C60AE8A00EDE167 /* README.md */ = {isa = PBXFileReference; fileEncoding = 4; lastKnownFileType = net.daringfireball.markdown; path = README.md; sourceTree = "<group>"; };
		C19278621A8E42BD009573A0 /* Movie Example.app */ = {isa = PBXFileReference; explicitFileType = wrapper.application; includeInIndex = 0; path = "Movie Example.app"; sourceTree = BUILT_PRODUCTS_DIR; };
		C19278661A8E42BD009573A0 /* Info.plist */ = {isa = PBXFileReference; lastKnownFileType = text.plist.xml; path = Info.plist; sourceTree = "<group>"; };
		C19278671A8E42BD009573A0 /* main.m */ = {isa = PBXFileReference; lastKnownFileType = sourcecode.c.objc; path = main.m; sourceTree = "<group>"; };
		C19278691A8E42BD009573A0 /* AppDelegate.h */ = {isa = PBXFileReference; lastKnownFileType = sourcecode.c.h; path = AppDelegate.h; sourceTree = "<group>"; };
		C192786A1A8E42BD009573A0 /* AppDelegate.m */ = {isa = PBXFileReference; lastKnownFileType = sourcecode.c.objc; path = AppDelegate.m; sourceTree = "<group>"; };
		C19278751A8E42BD009573A0 /* Images.xcassets */ = {isa = PBXFileReference; lastKnownFileType = folder.assetcatalog; path = Images.xcassets; sourceTree = "<group>"; };
		C19278781A8E42BD009573A0 /* Base */ = {isa = PBXFileReference; lastKnownFileType = file.xib; name = Base; path = Base.lproj/LaunchScreen.xib; sourceTree = "<group>"; };
		C192787E1A8E42BE009573A0 /* Movie Example.xctest */ = {isa = PBXFileReference; explicitFileType = wrapper.cfbundle; includeInIndex = 0; path = "Movie Example.xctest"; sourceTree = BUILT_PRODUCTS_DIR; };
		C19278831A8E42BE009573A0 /* Info.plist */ = {isa = PBXFileReference; lastKnownFileType = text.plist.xml; path = Info.plist; sourceTree = "<group>"; };
		C19278841A8E42BE009573A0 /* MovieDbTests.m */ = {isa = PBXFileReference; lastKnownFileType = sourcecode.c.objc; path = MovieDbTests.m; sourceTree = "<group>"; };
		C1A49CCD1AA43E6300ED09C0 /* PopularMoviesViewControllerTests.m */ = {isa = PBXFileReference; fileEncoding = 4; lastKnownFileType = sourcecode.c.objc; path = PopularMoviesViewControllerTests.m; sourceTree = "<group>"; };
		C1A49CCF1AA4604300ED09C0 /* MovieDbTableViewCellTests.m */ = {isa = PBXFileReference; fileEncoding = 4; lastKnownFileType = sourcecode.c.objc; path = MovieDbTableViewCellTests.m; sourceTree = "<group>"; };
		C1A49CD11AA4617100ED09C0 /* CDMovieTests.m */ = {isa = PBXFileReference; fileEncoding = 4; lastKnownFileType = sourcecode.c.objc; path = CDMovieTests.m; sourceTree = "<group>"; };
		C1A49CD91AA7237000ED09C0 /* README.md */ = {isa = PBXFileReference; lastKnownFileType = net.daringfireball.markdown; path = README.md; sourceTree = "<group>"; };
		C1DD229D1A8F6D4E00DF651B /* CoreDataTests.m */ = {isa = PBXFileReference; fileEncoding = 4; lastKnownFileType = sourcecode.c.objc; path = CoreDataTests.m; sourceTree = "<group>"; };
		C1DD229F1A8F732A00DF651B /* MovieDbClientTests.m */ = {isa = PBXFileReference; fileEncoding = 4; lastKnownFileType = sourcecode.c.objc; path = MovieDbClientTests.m; sourceTree = "<group>"; };
		C1DD22A21A8F883F00DF651B /* _CDMovie.h */ = {isa = PBXFileReference; fileEncoding = 4; lastKnownFileType = sourcecode.c.h; path = _CDMovie.h; sourceTree = "<group>"; };
		C1DD22A31A8F883F00DF651B /* _CDMovie.m */ = {isa = PBXFileReference; fileEncoding = 4; lastKnownFileType = sourcecode.c.objc; path = _CDMovie.m; sourceTree = "<group>"; };
		C1DD22A41A8F883F00DF651B /* CDMovie.h */ = {isa = PBXFileReference; fileEncoding = 4; lastKnownFileType = sourcecode.c.h; path = CDMovie.h; sourceTree = "<group>"; };
		C1DD22A51A8F883F00DF651B /* CDMovie.m */ = {isa = PBXFileReference; fileEncoding = 4; lastKnownFileType = sourcecode.c.objc; path = CDMovie.m; sourceTree = "<group>"; };
		C1DD22A71A8F883F00DF651B /* MovieDatabaseContext.h */ = {isa = PBXFileReference; fileEncoding = 4; lastKnownFileType = sourcecode.c.h; path = MovieDatabaseContext.h; sourceTree = "<group>"; };
		C1DD22A81A8F883F00DF651B /* MovieDatabaseContext.m */ = {isa = PBXFileReference; fileEncoding = 4; lastKnownFileType = sourcecode.c.objc; path = MovieDatabaseContext.m; sourceTree = "<group>"; };
		C1DD22AA1A8F883F00DF651B /* MovieDb.xcdatamodel */ = {isa = PBXFileReference; lastKnownFileType = wrapper.xcdatamodel; path = MovieDb.xcdatamodel; sourceTree = "<group>"; };
		C1DD22AD1A8F883F00DF651B /* MovieDetailViewController.h */ = {isa = PBXFileReference; fileEncoding = 4; lastKnownFileType = sourcecode.c.h; path = MovieDetailViewController.h; sourceTree = "<group>"; };
		C1DD22AE1A8F883F00DF651B /* MovieDetailViewController.m */ = {isa = PBXFileReference; fileEncoding = 4; lastKnownFileType = sourcecode.c.objc; path = MovieDetailViewController.m; sourceTree = "<group>"; };
		C1DD22AF1A8F883F00DF651B /* PopularMoviesViewController.h */ = {isa = PBXFileReference; fileEncoding = 4; lastKnownFileType = sourcecode.c.h; path = PopularMoviesViewController.h; sourceTree = "<group>"; };
		C1DD22B01A8F883F00DF651B /* PopularMoviesViewController.m */ = {isa = PBXFileReference; fileEncoding = 4; lastKnownFileType = sourcecode.c.objc; path = PopularMoviesViewController.m; sourceTree = "<group>"; };
		C1DD22B21A8F883F00DF651B /* MovieDbTableViewCell.h */ = {isa = PBXFileReference; fileEncoding = 4; lastKnownFileType = sourcecode.c.h; path = MovieDbTableViewCell.h; sourceTree = "<group>"; };
		C1DD22B31A8F883F00DF651B /* MovieDbTableViewCell.m */ = {isa = PBXFileReference; fileEncoding = 4; lastKnownFileType = sourcecode.c.objc; path = MovieDbTableViewCell.m; sourceTree = "<group>"; };
		C1DD22B41A8F883F00DF651B /* MovieDbTableViewCell.xib */ = {isa = PBXFileReference; fileEncoding = 4; lastKnownFileType = file.xib; path = MovieDbTableViewCell.xib; sourceTree = "<group>"; };
		C1DD22C51A8F888B00DF651B /* Main.storyboard */ = {isa = PBXFileReference; fileEncoding = 4; lastKnownFileType = file.storyboard; path = Main.storyboard; sourceTree = "<group>"; };
		C1E925C11A8E45D800B28786 /* AFMovieDbClient.h */ = {isa = PBXFileReference; fileEncoding = 4; lastKnownFileType = sourcecode.c.h; name = AFMovieDbClient.h; path = Network/AFMovieDbClient.h; sourceTree = "<group>"; };
		C1E925C21A8E45D800B28786 /* AFMovieDbClient.m */ = {isa = PBXFileReference; fileEncoding = 4; lastKnownFileType = sourcecode.c.objc; name = AFMovieDbClient.m; path = Network/AFMovieDbClient.m; sourceTree = "<group>"; };
		C1E925D41A8E5C1C00B28786 /* Constants.h */ = {isa = PBXFileReference; fileEncoding = 4; lastKnownFileType = sourcecode.c.h; path = Constants.h; sourceTree = "<group>"; };
		C1E925D51A8E5C1C00B28786 /* Constants.m */ = {isa = PBXFileReference; fileEncoding = 4; lastKnownFileType = sourcecode.c.objc; path = Constants.m; sourceTree = "<group>"; };
		C1E925D81A8E5DE300B28786 /* MovieDb-prefix.pch */ = {isa = PBXFileReference; fileEncoding = 4; lastKnownFileType = sourcecode.c.h; path = "MovieDb-prefix.pch"; sourceTree = "<group>"; };
/* End PBXFileReference section */

/* Begin PBXGroup section */
		9B42514CCC8F9B7C7B2FE23B /* Frameworks */ = {
			isa = PBXGroup;
			children = (
				91F1247B0951BA9462B6834B /* libPods-MovieDb.a */,
				B408D29B99F0441459F8D413 /* libPods-MovieDbTests.a */,
				38E45BD9D4B385ECDA73BDAB /* libPods-Movie Example.a */,
			);
			name = Frameworks;
			sourceTree = "<group>";
		};
		C13B8A9F1C60AE8A00EDE167 /* AFNetworking */ = {
			isa = PBXGroup;
			children = (
				C13B8AA01C60AE8A00EDE167 /* AFNetworking */,
				C13B8AAE1C60AE8A00EDE167 /* LICENSE */,
				C13B8AAF1C60AE8A00EDE167 /* README.md */,
				C13B8AB01C60AE8A00EDE167 /* UIKit+AFNetworking */,
			);
			name = AFNetworking;
			path = Pods/AFNetworking;
			sourceTree = "<group>";
		};
		C13B8AA01C60AE8A00EDE167 /* AFNetworking */ = {
			isa = PBXGroup;
			children = (
				C13B8AA11C60AE8A00EDE167 /* AFHTTPSessionManager.h */,
				C13B8AA21C60AE8A00EDE167 /* AFHTTPSessionManager.m */,
				C13B8AA31C60AE8A00EDE167 /* AFNetworking.h */,
				C13B8AA41C60AE8A00EDE167 /* AFNetworkReachabilityManager.h */,
				C13B8AA51C60AE8A00EDE167 /* AFNetworkReachabilityManager.m */,
				C13B8AA61C60AE8A00EDE167 /* AFSecurityPolicy.h */,
				C13B8AA71C60AE8A00EDE167 /* AFSecurityPolicy.m */,
				C13B8AA81C60AE8A00EDE167 /* AFURLRequestSerialization.h */,
				C13B8AA91C60AE8A00EDE167 /* AFURLRequestSerialization.m */,
				C13B8AAA1C60AE8A00EDE167 /* AFURLResponseSerialization.h */,
				C13B8AAB1C60AE8A00EDE167 /* AFURLResponseSerialization.m */,
				C13B8AAC1C60AE8A00EDE167 /* AFURLSessionManager.h */,
				C13B8AAD1C60AE8A00EDE167 /* AFURLSessionManager.m */,
			);
			path = AFNetworking;
			sourceTree = "<group>";
		};
		C13B8AB01C60AE8A00EDE167 /* UIKit+AFNetworking */ = {
			isa = PBXGroup;
			children = (
				C13B8AB11C60AE8A00EDE167 /* AFAutoPurgingImageCache.h */,
				C13B8AB21C60AE8A00EDE167 /* AFAutoPurgingImageCache.m */,
				C13B8AB31C60AE8A00EDE167 /* AFImageDownloader.h */,
				C13B8AB41C60AE8A00EDE167 /* AFImageDownloader.m */,
				C13B8AB51C60AE8A00EDE167 /* AFNetworkActivityIndicatorManager.h */,
				C13B8AB61C60AE8A00EDE167 /* AFNetworkActivityIndicatorManager.m */,
				C13B8AB71C60AE8A00EDE167 /* UIActivityIndicatorView+AFNetworking.h */,
				C13B8AB81C60AE8A00EDE167 /* UIActivityIndicatorView+AFNetworking.m */,
				C13B8AB91C60AE8A00EDE167 /* UIButton+AFNetworking.h */,
				C13B8ABA1C60AE8A00EDE167 /* UIButton+AFNetworking.m */,
				C13B8ABB1C60AE8A00EDE167 /* UIImage+AFNetworking.h */,
				C13B8ABC1C60AE8A00EDE167 /* UIImageView+AFNetworking.h */,
				C13B8ABD1C60AE8A00EDE167 /* UIImageView+AFNetworking.m */,
				C13B8ABE1C60AE8A00EDE167 /* UIKit+AFNetworking.h */,
				C13B8ABF1C60AE8A00EDE167 /* UIProgressView+AFNetworking.h */,
				C13B8AC01C60AE8A00EDE167 /* UIProgressView+AFNetworking.m */,
				C13B8AC11C60AE8A00EDE167 /* UIRefreshControl+AFNetworking.h */,
				C13B8AC21C60AE8A00EDE167 /* UIRefreshControl+AFNetworking.m */,
				C13B8AC31C60AE8A00EDE167 /* UIWebView+AFNetworking.h */,
				C13B8AC41C60AE8A00EDE167 /* UIWebView+AFNetworking.m */,
			);
			path = "UIKit+AFNetworking";
			sourceTree = "<group>";
		};
		C13B8AC51C60AE8A00EDE167 /* MDMCoreData */ = {
			isa = PBXGroup;
			children = (
				C13B8AC61C60AE8A00EDE167 /* Classes */,
				C13B8AD61C60AE8A00EDE167 /* LICENSE */,
				C13B8AD71C60AE8A00EDE167 /* README.md */,
			);
			name = MDMCoreData;
			path = Pods/MDMCoreData;
			sourceTree = "<group>";
		};
		C13B8AC61C60AE8A00EDE167 /* Classes */ = {
			isa = PBXGroup;
			children = (
				C13B8AC71C60AE8A00EDE167 /* MDMCoreData.h */,
				C13B8AC81C60AE8A00EDE167 /* MDMCoreDataCore */,
				C13B8ACA1C60AE8A00EDE167 /* MDMFetchedResultsCollectionDataSource */,
				C13B8ACD1C60AE8A00EDE167 /* MDMFetchedResultsTableDataSource */,
				C13B8AD01C60AE8A00EDE167 /* MDMPersistenceController */,
				C13B8AD31C60AE8A00EDE167 /* NSManagedObject+MDMCoreDataAdditions */,
			);
			path = Classes;
			sourceTree = "<group>";
		};
		C13B8AC81C60AE8A00EDE167 /* MDMCoreDataCore */ = {
			isa = PBXGroup;
			children = (
				C13B8AC91C60AE8A00EDE167 /* MDMCoreDataMacros.h */,
			);
			path = MDMCoreDataCore;
			sourceTree = "<group>";
		};
		C13B8ACA1C60AE8A00EDE167 /* MDMFetchedResultsCollectionDataSource */ = {
			isa = PBXGroup;
			children = (
				C13B8ACB1C60AE8A00EDE167 /* MDMFetchedResultsCollectionDataSource.h */,
				C13B8ACC1C60AE8A00EDE167 /* MDMFetchedResultsCollectionDataSource.m */,
			);
			path = MDMFetchedResultsCollectionDataSource;
			sourceTree = "<group>";
		};
		C13B8ACD1C60AE8A00EDE167 /* MDMFetchedResultsTableDataSource */ = {
			isa = PBXGroup;
			children = (
				C13B8ACE1C60AE8A00EDE167 /* MDMFetchedResultsTableDataSource.h */,
				C13B8ACF1C60AE8A00EDE167 /* MDMFetchedResultsTableDataSource.m */,
			);
			path = MDMFetchedResultsTableDataSource;
			sourceTree = "<group>";
		};
		C13B8AD01C60AE8A00EDE167 /* MDMPersistenceController */ = {
			isa = PBXGroup;
			children = (
				C13B8AD11C60AE8A00EDE167 /* MDMPersistenceController.h */,
				C13B8AD21C60AE8A00EDE167 /* MDMPersistenceController.m */,
			);
			path = MDMPersistenceController;
			sourceTree = "<group>";
		};
		C13B8AD31C60AE8A00EDE167 /* NSManagedObject+MDMCoreDataAdditions */ = {
			isa = PBXGroup;
			children = (
				C13B8AD41C60AE8A00EDE167 /* NSManagedObject+MDMCoreDataAdditions.h */,
				C13B8AD51C60AE8A00EDE167 /* NSManagedObject+MDMCoreDataAdditions.m */,
			);
			path = "NSManagedObject+MDMCoreDataAdditions";
			sourceTree = "<group>";
		};
		C19278591A8E42BD009573A0 = {
			isa = PBXGroup;
			children = (
				C13B8A9F1C60AE8A00EDE167 /* AFNetworking */,
				C13B8AC51C60AE8A00EDE167 /* MDMCoreData */,
				C1A49CD91AA7237000ED09C0 /* README.md */,
				C19278641A8E42BD009573A0 /* MovieDb */,
				C19278811A8E42BE009573A0 /* MovieDbTests */,
				C19278631A8E42BD009573A0 /* Products */,
				F5BBC7AE5C79C9756782D408 /* Pods */,
				9B42514CCC8F9B7C7B2FE23B /* Frameworks */,
			);
			sourceTree = "<group>";
		};
		C19278631A8E42BD009573A0 /* Products */ = {
			isa = PBXGroup;
			children = (
				C19278621A8E42BD009573A0 /* Movie Example.app */,
				C192787E1A8E42BE009573A0 /* Movie Example.xctest */,
			);
			name = Products;
			sourceTree = "<group>";
		};
		C19278641A8E42BD009573A0 /* MovieDb */ = {
			isa = PBXGroup;
			children = (
				C1DD22A11A8F883F00DF651B /* Models */,
				C1DD22AB1A8F883F00DF651B /* UI */,
				C1E925BC1A8E447000B28786 /* Network */,
				C19278691A8E42BD009573A0 /* AppDelegate.h */,
				C192786A1A8E42BD009573A0 /* AppDelegate.m */,
				C1E925BF1A8E44D300B28786 /* Assets */,
				C19278651A8E42BD009573A0 /* Supporting Files */,
				C1E925D41A8E5C1C00B28786 /* Constants.h */,
				C1E925D51A8E5C1C00B28786 /* Constants.m */,
			);
			path = MovieDb;
			sourceTree = "<group>";
		};
		C19278651A8E42BD009573A0 /* Supporting Files */ = {
			isa = PBXGroup;
			children = (
				C19278661A8E42BD009573A0 /* Info.plist */,
				C19278671A8E42BD009573A0 /* main.m */,
				C1E925D81A8E5DE300B28786 /* MovieDb-prefix.pch */,
			);
			name = "Supporting Files";
			sourceTree = "<group>";
		};
		C19278811A8E42BE009573A0 /* MovieDbTests */ = {
			isa = PBXGroup;
			children = (
				C1DD229D1A8F6D4E00DF651B /* CoreDataTests.m */,
				C19278841A8E42BE009573A0 /* MovieDbTests.m */,
				C19278821A8E42BE009573A0 /* Supporting Files */,
				C1DD229F1A8F732A00DF651B /* MovieDbClientTests.m */,
				C1A49CCD1AA43E6300ED09C0 /* PopularMoviesViewControllerTests.m */,
				C1A49CCF1AA4604300ED09C0 /* MovieDbTableViewCellTests.m */,
				C1A49CD11AA4617100ED09C0 /* CDMovieTests.m */,
			);
			path = MovieDbTests;
			sourceTree = "<group>";
		};
		C19278821A8E42BE009573A0 /* Supporting Files */ = {
			isa = PBXGroup;
			children = (
				C19278831A8E42BE009573A0 /* Info.plist */,
			);
			name = "Supporting Files";
			sourceTree = "<group>";
		};
		C1DD22A11A8F883F00DF651B /* Models */ = {
			isa = PBXGroup;
			children = (
				C1DD22C81A8F88B600DF651B /* MOGeneratedBase */,
				C1DD22A41A8F883F00DF651B /* CDMovie.h */,
				C1DD22A51A8F883F00DF651B /* CDMovie.m */,
				C1DD22A61A8F883F00DF651B /* CoreData */,
			);
			path = Models;
			sourceTree = "<group>";
		};
		C1DD22A61A8F883F00DF651B /* CoreData */ = {
			isa = PBXGroup;
			children = (
				C1DD22A71A8F883F00DF651B /* MovieDatabaseContext.h */,
				C1DD22A81A8F883F00DF651B /* MovieDatabaseContext.m */,
				C1DD22A91A8F883F00DF651B /* MovieDb.xcdatamodeld */,
			);
			path = CoreData;
			sourceTree = "<group>";
		};
		C1DD22AB1A8F883F00DF651B /* UI */ = {
			isa = PBXGroup;
			children = (
				C1DD22C51A8F888B00DF651B /* Main.storyboard */,
				C1DD22AC1A8F883F00DF651B /* VIewController */,
				C1DD22B11A8F883F00DF651B /* Views */,
			);
			path = UI;
			sourceTree = "<group>";
		};
		C1DD22AC1A8F883F00DF651B /* VIewController */ = {
			isa = PBXGroup;
			children = (
				C1DD22C91A8F88DB00DF651B /* MovieDetailsViewController */,
				C1DD22CA1A8F88EB00DF651B /* PopularMoviesViewController */,
			);
			path = VIewController;
			sourceTree = "<group>";
		};
		C1DD22B11A8F883F00DF651B /* Views */ = {
			isa = PBXGroup;
			children = (
				C1DD22B21A8F883F00DF651B /* MovieDbTableViewCell.h */,
				C1DD22B31A8F883F00DF651B /* MovieDbTableViewCell.m */,
				C1DD22B41A8F883F00DF651B /* MovieDbTableViewCell.xib */,
			);
			path = Views;
			sourceTree = "<group>";
		};
		C1DD22C81A8F88B600DF651B /* MOGeneratedBase */ = {
			isa = PBXGroup;
			children = (
				C1DD22A21A8F883F00DF651B /* _CDMovie.h */,
				C1DD22A31A8F883F00DF651B /* _CDMovie.m */,
			);
			name = MOGeneratedBase;
			sourceTree = "<group>";
		};
		C1DD22C91A8F88DB00DF651B /* MovieDetailsViewController */ = {
			isa = PBXGroup;
			children = (
				C1DD22AD1A8F883F00DF651B /* MovieDetailViewController.h */,
				C1DD22AE1A8F883F00DF651B /* MovieDetailViewController.m */,
			);
			name = MovieDetailsViewController;
			sourceTree = "<group>";
		};
		C1DD22CA1A8F88EB00DF651B /* PopularMoviesViewController */ = {
			isa = PBXGroup;
			children = (
				C1DD22AF1A8F883F00DF651B /* PopularMoviesViewController.h */,
				C1DD22B01A8F883F00DF651B /* PopularMoviesViewController.m */,
			);
			name = PopularMoviesViewController;
			sourceTree = "<group>";
		};
		C1E925BC1A8E447000B28786 /* Network */ = {
			isa = PBXGroup;
			children = (
				C1E925C11A8E45D800B28786 /* AFMovieDbClient.h */,
				C1E925C21A8E45D800B28786 /* AFMovieDbClient.m */,
			);
			name = Network;
			sourceTree = "<group>";
		};
		C1E925BF1A8E44D300B28786 /* Assets */ = {
			isa = PBXGroup;
			children = (
				C19278751A8E42BD009573A0 /* Images.xcassets */,
				C19278771A8E42BD009573A0 /* LaunchScreen.xib */,
			);
			name = Assets;
			sourceTree = "<group>";
		};
		F5BBC7AE5C79C9756782D408 /* Pods */ = {
			isa = PBXGroup;
			children = (
			);
			name = Pods;
			sourceTree = "<group>";
		};
/* End PBXGroup section */

/* Begin PBXNativeTarget section */
		C19278611A8E42BD009573A0 /* Movie Example */ = {
			isa = PBXNativeTarget;
			buildConfigurationList = C19278881A8E42BE009573A0 /* Build configuration list for PBXNativeTarget "Movie Example" */;
			buildPhases = (
				C192785E1A8E42BD009573A0 /* Sources */,
				C19278601A8E42BD009573A0 /* Resources */,
			);
			buildRules = (
			);
			dependencies = (
			);
			name = "Movie Example";
			productName = MovieDb;
			productReference = C19278621A8E42BD009573A0 /* Movie Example.app */;
			productType = "com.apple.product-type.application";
		};
		C192787D1A8E42BE009573A0 /* Movie ExampleTests */ = {
			isa = PBXNativeTarget;
			buildConfigurationList = C192788B1A8E42BE009573A0 /* Build configuration list for PBXNativeTarget "Movie ExampleTests" */;
			buildPhases = (
				C192787A1A8E42BE009573A0 /* Sources */,
				C192787C1A8E42BE009573A0 /* Resources */,
			);
			buildRules = (
			);
			dependencies = (
				C19278801A8E42BE009573A0 /* PBXTargetDependency */,
			);
			name = "Movie ExampleTests";
			productName = MovieDbTests;
			productReference = C192787E1A8E42BE009573A0 /* Movie Example.xctest */;
			productType = "com.apple.product-type.bundle.unit-test";
		};
/* End PBXNativeTarget section */

/* Begin PBXProject section */
		C192785A1A8E42BD009573A0 /* Project object */ = {
			isa = PBXProject;
			attributes = {
				LastUpgradeCheck = 0610;
				ORGANIZATIONNAME = "Saqib Saud";
				TargetAttributes = {
					C19278611A8E42BD009573A0 = {
						CreatedOnToolsVersion = 6.1.1;
						DevelopmentTeam = YUT27R869R;
					};
					C192787D1A8E42BE009573A0 = {
						CreatedOnToolsVersion = 6.1.1;
						TestTargetID = C19278611A8E42BD009573A0;
					};
					C1E925C51A8E512900B28786 = {
						CreatedOnToolsVersion = 6.2;
					};
				};
			};
			buildConfigurationList = C192785D1A8E42BD009573A0 /* Build configuration list for PBXProject "Movie Example" */;
			compatibilityVersion = "Xcode 3.2";
			developmentRegion = English;
			hasScannedForEncodings = 0;
			knownRegions = (
				en,
				Base,
			);
			mainGroup = C19278591A8E42BD009573A0;
			productRefGroup = C19278631A8E42BD009573A0 /* Products */;
			projectDirPath = "";
			projectRoot = "";
			targets = (
				C19278611A8E42BD009573A0 /* Movie Example */,
				C192787D1A8E42BE009573A0 /* Movie ExampleTests */,
				C1E925C51A8E512900B28786 /* mogenerator */,
			);
		};
/* End PBXProject section */

/* Begin PBXResourcesBuildPhase section */
		C19278601A8E42BD009573A0 /* Resources */ = {
			isa = PBXResourcesBuildPhase;
			buildActionMask = 2147483647;
			files = (
				C13B8AED1C60AE8A00EDE167 /* LICENSE in Resources */,
				C19278791A8E42BD009573A0 /* LaunchScreen.xib in Resources */,
				C1DD22C31A8F883F00DF651B /* MovieDbTableViewCell.xib in Resources */,
				C19278761A8E42BD009573A0 /* Images.xcassets in Resources */,
				C1DD22C61A8F888B00DF651B /* Main.storyboard in Resources */,
				C13B8ADE1C60AE8A00EDE167 /* LICENSE in Resources */,
			);
			runOnlyForDeploymentPostprocessing = 0;
		};
		C192787C1A8E42BE009573A0 /* Resources */ = {
			isa = PBXResourcesBuildPhase;
			buildActionMask = 2147483647;
			files = (
				C1DD22C41A8F883F00DF651B /* MovieDbTableViewCell.xib in Resources */,
				C1DD22C71A8F888B00DF651B /* Main.storyboard in Resources */,
			);
			runOnlyForDeploymentPostprocessing = 0;
		};
/* End PBXResourcesBuildPhase section */

/* Begin PBXShellScriptBuildPhase section */
		C1E925C91A8E516B00B28786 /* ShellScript */ = {
			isa = PBXShellScriptBuildPhase;
			buildActionMask = 2147483647;
			files = (
			);
			inputPaths = (
			);
			outputPaths = (
			);
			runOnlyForDeploymentPostprocessing = 0;
			shellPath = /bin/sh;
			shellScript = "mogenerator -m $SRCROOT/MovieDb/MovieDb.xcdatamodeld/ -O $SRCROOT/MovieDb/Models/ --template-var arc=true";
		};
/* End PBXShellScriptBuildPhase section */

/* Begin PBXSourcesBuildPhase section */
		C192785E1A8E42BD009573A0 /* Sources */ = {
			isa = PBXSourcesBuildPhase;
			buildActionMask = 2147483647;
			files = (
				C13B8ADD1C60AE8A00EDE167 /* AFURLSessionManager.m in Sources */,
				C13B8ADA1C60AE8A00EDE167 /* AFSecurityPolicy.m in Sources */,
				C1E925C31A8E45D800B28786 /* AFMovieDbClient.m in Sources */,
				C13B8AD91C60AE8A00EDE167 /* AFNetworkReachabilityManager.m in Sources */,
				C13B8AEA1C60AE8A00EDE167 /* MDMFetchedResultsTableDataSource.m in Sources */,
				C13B8AE61C60AE8A00EDE167 /* UIProgressView+AFNetworking.m in Sources */,
				C1DD22BF1A8F883F00DF651B /* PopularMoviesViewController.m in Sources */,
				C13B8AE21C60AE8A00EDE167 /* AFNetworkActivityIndicatorManager.m in Sources */,
				C192786B1A8E42BD009573A0 /* AppDelegate.m in Sources */,
				C13B8AE91C60AE8A00EDE167 /* MDMFetchedResultsCollectionDataSource.m in Sources */,
				C13B8AE41C60AE8A00EDE167 /* UIButton+AFNetworking.m in Sources */,
				C13B8ADF1C60AE8A00EDE167 /* README.md in Sources */,
				C13B8AE11C60AE8A00EDE167 /* AFImageDownloader.m in Sources */,
				C13B8AE81C60AE8A00EDE167 /* UIWebView+AFNetworking.m in Sources */,
				C13B8AD81C60AE8A00EDE167 /* AFHTTPSessionManager.m in Sources */,
				C1DD22BB1A8F883F00DF651B /* MovieDb.xcdatamodeld in Sources */,
				C13B8AE01C60AE8A00EDE167 /* AFAutoPurgingImageCache.m in Sources */,
				C19278681A8E42BD009573A0 /* main.m in Sources */,
				C1DD22B71A8F883F00DF651B /* CDMovie.m in Sources */,
				C13B8AE31C60AE8A00EDE167 /* UIActivityIndicatorView+AFNetworking.m in Sources */,
				C13B8AEC1C60AE8A00EDE167 /* NSManagedObject+MDMCoreDataAdditions.m in Sources */,
				C1DD22C11A8F883F00DF651B /* MovieDbTableViewCell.m in Sources */,
				C13B8AEE1C60AE8A00EDE167 /* README.md in Sources */,
				C1DD22B51A8F883F00DF651B /* _CDMovie.m in Sources */,
				C1DD22BD1A8F883F00DF651B /* MovieDetailViewController.m in Sources */,
				C13B8AE71C60AE8A00EDE167 /* UIRefreshControl+AFNetworking.m in Sources */,
				C13B8AE51C60AE8A00EDE167 /* UIImageView+AFNetworking.m in Sources */,
				C13B8ADB1C60AE8A00EDE167 /* AFURLRequestSerialization.m in Sources */,
				C13B8AEB1C60AE8A00EDE167 /* MDMPersistenceController.m in Sources */,
				C1E925D61A8E5C1C00B28786 /* Constants.m in Sources */,
				C13B8ADC1C60AE8A00EDE167 /* AFURLResponseSerialization.m in Sources */,
				C1DD22B91A8F883F00DF651B /* MovieDatabaseContext.m in Sources */,
			);
			runOnlyForDeploymentPostprocessing = 0;
		};
		C192787A1A8E42BE009573A0 /* Sources */ = {
			isa = PBXSourcesBuildPhase;
			buildActionMask = 2147483647;
			files = (
				C1E925C41A8E45D800B28786 /* AFMovieDbClient.m in Sources */,
				C1A49CCE1AA43E6300ED09C0 /* PopularMoviesViewControllerTests.m in Sources */,
				C1DD22A01A8F732A00DF651B /* MovieDbClientTests.m in Sources */,
				C1DD22C21A8F883F00DF651B /* MovieDbTableViewCell.m in Sources */,
				C1DD22BE1A8F883F00DF651B /* MovieDetailViewController.m in Sources */,
				C1DD22BC1A8F883F00DF651B /* MovieDb.xcdatamodeld in Sources */,
				C1A49CD01AA4604300ED09C0 /* MovieDbTableViewCellTests.m in Sources */,
				C19278851A8E42BE009573A0 /* MovieDbTests.m in Sources */,
				C1DD22BA1A8F883F00DF651B /* MovieDatabaseContext.m in Sources */,
				C1DD22B81A8F883F00DF651B /* CDMovie.m in Sources */,
				C1DD22C01A8F883F00DF651B /* PopularMoviesViewController.m in Sources */,
				C1DD229E1A8F6D4E00DF651B /* CoreDataTests.m in Sources */,
				C1E925D71A8E5C2200B28786 /* Constants.m in Sources */,
				C1DD22B61A8F883F00DF651B /* _CDMovie.m in Sources */,
			);
			runOnlyForDeploymentPostprocessing = 0;
		};
/* End PBXSourcesBuildPhase section */

/* Begin PBXTargetDependency section */
		C19278801A8E42BE009573A0 /* PBXTargetDependency */ = {
			isa = PBXTargetDependency;
			target = C19278611A8E42BD009573A0 /* Movie Example */;
			targetProxy = C192787F1A8E42BE009573A0 /* PBXContainerItemProxy */;
		};
/* End PBXTargetDependency section */

/* Begin PBXVariantGroup section */
		C19278771A8E42BD009573A0 /* LaunchScreen.xib */ = {
			isa = PBXVariantGroup;
			children = (
				C19278781A8E42BD009573A0 /* Base */,
			);
			name = LaunchScreen.xib;
			sourceTree = "<group>";
		};
/* End PBXVariantGroup section */

/* Begin XCBuildConfiguration section */
		C19278861A8E42BE009573A0 /* Debug */ = {
			isa = XCBuildConfiguration;
			buildSettings = {
				ALWAYS_SEARCH_USER_PATHS = NO;
				CLANG_CXX_LANGUAGE_STANDARD = "gnu++0x";
				CLANG_CXX_LIBRARY = "libc++";
				CLANG_ENABLE_MODULES = YES;
				CLANG_ENABLE_OBJC_ARC = YES;
				CLANG_WARN_BOOL_CONVERSION = YES;
				CLANG_WARN_CONSTANT_CONVERSION = YES;
				CLANG_WARN_DIRECT_OBJC_ISA_USAGE = YES_ERROR;
				CLANG_WARN_EMPTY_BODY = YES;
				CLANG_WARN_ENUM_CONVERSION = YES;
				CLANG_WARN_INT_CONVERSION = YES;
				CLANG_WARN_OBJC_ROOT_CLASS = YES_ERROR;
				CLANG_WARN_UNREACHABLE_CODE = YES;
				CLANG_WARN__DUPLICATE_METHOD_MATCH = YES;
				"CODE_SIGN_IDENTITY[sdk=iphoneos*]" = "iPhone Developer";
				COPY_PHASE_STRIP = NO;
				ENABLE_STRICT_OBJC_MSGSEND = YES;
				GCC_C_LANGUAGE_STANDARD = gnu99;
				GCC_DYNAMIC_NO_PIC = NO;
				GCC_OPTIMIZATION_LEVEL = 0;
				GCC_PREPROCESSOR_DEFINITIONS = (
					"DEBUG=1",
					"$(inherited)",
				);
				GCC_SYMBOLS_PRIVATE_EXTERN = NO;
				GCC_WARN_64_TO_32_BIT_CONVERSION = YES;
				GCC_WARN_ABOUT_RETURN_TYPE = YES_ERROR;
				GCC_WARN_UNDECLARED_SELECTOR = YES;
				GCC_WARN_UNINITIALIZED_AUTOS = YES_AGGRESSIVE;
				GCC_WARN_UNUSED_FUNCTION = YES;
				GCC_WARN_UNUSED_VARIABLE = YES;
				IPHONEOS_DEPLOYMENT_TARGET = 8.1;
				MTL_ENABLE_DEBUG_INFO = YES;
				ONLY_ACTIVE_ARCH = YES;
				SDKROOT = iphoneos;
			};
			name = Debug;
		};
		C19278871A8E42BE009573A0 /* Release */ = {
			isa = XCBuildConfiguration;
			buildSettings = {
				ALWAYS_SEARCH_USER_PATHS = NO;
				CLANG_CXX_LANGUAGE_STANDARD = "gnu++0x";
				CLANG_CXX_LIBRARY = "libc++";
				CLANG_ENABLE_MODULES = YES;
				CLANG_ENABLE_OBJC_ARC = YES;
				CLANG_WARN_BOOL_CONVERSION = YES;
				CLANG_WARN_CONSTANT_CONVERSION = YES;
				CLANG_WARN_DIRECT_OBJC_ISA_USAGE = YES_ERROR;
				CLANG_WARN_EMPTY_BODY = YES;
				CLANG_WARN_ENUM_CONVERSION = YES;
				CLANG_WARN_INT_CONVERSION = YES;
				CLANG_WARN_OBJC_ROOT_CLASS = YES_ERROR;
				CLANG_WARN_UNREACHABLE_CODE = YES;
				CLANG_WARN__DUPLICATE_METHOD_MATCH = YES;
				"CODE_SIGN_IDENTITY[sdk=iphoneos*]" = "iPhone Developer";
				COPY_PHASE_STRIP = YES;
				ENABLE_NS_ASSERTIONS = NO;
				ENABLE_STRICT_OBJC_MSGSEND = YES;
				GCC_C_LANGUAGE_STANDARD = gnu99;
				GCC_WARN_64_TO_32_BIT_CONVERSION = YES;
				GCC_WARN_ABOUT_RETURN_TYPE = YES_ERROR;
				GCC_WARN_UNDECLARED_SELECTOR = YES;
				GCC_WARN_UNINITIALIZED_AUTOS = YES_AGGRESSIVE;
				GCC_WARN_UNUSED_FUNCTION = YES;
				GCC_WARN_UNUSED_VARIABLE = YES;
				IPHONEOS_DEPLOYMENT_TARGET = 8.1;
				MTL_ENABLE_DEBUG_INFO = NO;
				SDKROOT = iphoneos;
				VALIDATE_PRODUCT = YES;
			};
			name = Release;
		};
		C19278891A8E42BE009573A0 /* Debug */ = {
			isa = XCBuildConfiguration;
			buildSettings = {
				ASSETCATALOG_COMPILER_APPICON_NAME = AppIcon;
				CODE_SIGN_IDENTITY = "iPhone Distribution: Mi Express Care Licensing Company LLC (6EK5YNF9WS)";
				GCC_PREFIX_HEADER = "MovieDb/Movie Example-Prefix.pch";
				INFOPLIST_FILE = MovieDb/Info.plist;
				IPHONEOS_DEPLOYMENT_TARGET = 7.0;
				LD_RUNPATH_SEARCH_PATHS = "$(inherited) @executable_path/Frameworks";
				PRODUCT_BUNDLE_IDENTIFIER = com.zipycare.citest;
				PRODUCT_NAME = "Movie Example";
				PROVISIONING_PROFILE = "78d402a8-c1b2-4987-b170-11ac1fabca14";
				VERSIONING_SYSTEM = "apple-generic";
			};
			name = Debug;
		};
		C192788A1A8E42BE009573A0 /* Release */ = {
			isa = XCBuildConfiguration;
			buildSettings = {
				ASSETCATALOG_COMPILER_APPICON_NAME = AppIcon;
				CODE_SIGN_IDENTITY = "iPhone Distribution: Mi Express Care Licensing Company LLC (6EK5YNF9WS)";
				"CODE_SIGN_IDENTITY[sdk=iphoneos*]" = "iPhone Distribution: Mi Express Care Licensing Company LLC (6EK5YNF9WS)";
				GCC_PREFIX_HEADER = "MovieDb/Movie Example-Prefix.pch";
				INFOPLIST_FILE = MovieDb/Info.plist;
				IPHONEOS_DEPLOYMENT_TARGET = 7.0;
				LD_RUNPATH_SEARCH_PATHS = "$(inherited) @executable_path/Frameworks";
				PRODUCT_BUNDLE_IDENTIFIER = com.zipycare.citest;
				PRODUCT_NAME = "Movie Example";
				PROVISIONING_PROFILE = "78d402a8-c1b2-4987-b170-11ac1fabca14";
				VERSIONING_SYSTEM = "apple-generic";
			};
			name = Release;
		};
		C192788C1A8E42BE009573A0 /* Debug */ = {
			isa = XCBuildConfiguration;
			buildSettings = {
				BUNDLE_LOADER = "$(TEST_HOST)";
				FRAMEWORK_SEARCH_PATHS = (
					"$(SDKROOT)/Developer/Library/Frameworks",
					"$(inherited)",
				);
				GCC_PREFIX_HEADER = "MovieDb/Movie Example-Prefix.pch";
				GCC_PREPROCESSOR_DEFINITIONS = (
					"DEBUG=1",
					"$(inherited)",
				);
				INFOPLIST_FILE = MovieDbTests/Info.plist;
				LD_RUNPATH_SEARCH_PATHS = "$(inherited) @executable_path/Frameworks @loader_path/Frameworks";
				PRODUCT_NAME = "Movie Example";
				PROVISIONING_PROFILE = "";
				TEST_HOST = "$(BUILT_PRODUCTS_DIR)/Movie Example.app/Movie Example";
			};
			name = Debug;
		};
		C192788D1A8E42BE009573A0 /* Release */ = {
			isa = XCBuildConfiguration;
			buildSettings = {
				BUNDLE_LOADER = "$(TEST_HOST)";
				FRAMEWORK_SEARCH_PATHS = (
					"$(SDKROOT)/Developer/Library/Frameworks",
					"$(inherited)",
				);
				GCC_PREFIX_HEADER = "MovieDb/Movie Example-Prefix.pch";
				INFOPLIST_FILE = MovieDbTests/Info.plist;
				LD_RUNPATH_SEARCH_PATHS = "$(inherited) @executable_path/Frameworks @loader_path/Frameworks";
				PRODUCT_NAME = "Movie Example";
				PROVISIONING_PROFILE = "";
				TEST_HOST = "$(BUILT_PRODUCTS_DIR)/Movie Example.app/Movie Example";
			};
			name = Release;
		};
		C1E925C71A8E512900B28786 /* Debug */ = {
			isa = XCBuildConfiguration;
			buildSettings = {
				PRODUCT_NAME = "$(TARGET_NAME)";
			};
			name = Debug;
		};
		C1E925C81A8E512900B28786 /* Release */ = {
			isa = XCBuildConfiguration;
			buildSettings = {
				PRODUCT_NAME = "$(TARGET_NAME)";
			};
			name = Release;
		};
/* End XCBuildConfiguration section */

/* Begin XCConfigurationList section */
		C192785D1A8E42BD009573A0 /* Build configuration list for PBXProject "Movie Example" */ = {
			isa = XCConfigurationList;
			buildConfigurations = (
				C19278861A8E42BE009573A0 /* Debug */,
				C19278871A8E42BE009573A0 /* Release */,
			);
			defaultConfigurationIsVisible = 0;
			defaultConfigurationName = Release;
		};
		C19278881A8E42BE009573A0 /* Build configuration list for PBXNativeTarget "Movie Example" */ = {
			isa = XCConfigurationList;
			buildConfigurations = (
				C19278891A8E42BE009573A0 /* Debug */,
				C192788A1A8E42BE009573A0 /* Release */,
			);
			defaultConfigurationIsVisible = 0;
			defaultConfigurationName = Release;
		};
		C192788B1A8E42BE009573A0 /* Build configuration list for PBXNativeTarget "Movie ExampleTests" */ = {
			isa = XCConfigurationList;
			buildConfigurations = (
				C192788C1A8E42BE009573A0 /* Debug */,
				C192788D1A8E42BE009573A0 /* Release */,
			);
			defaultConfigurationIsVisible = 0;
			defaultConfigurationName = Release;
		};
		C1E925C61A8E512900B28786 /* Build configuration list for PBXAggregateTarget "mogenerator" */ = {
			isa = XCConfigurationList;
			buildConfigurations = (
				C1E925C71A8E512900B28786 /* Debug */,
				C1E925C81A8E512900B28786 /* Release */,
			);
			defaultConfigurationIsVisible = 0;
			defaultConfigurationName = Release;
		};
/* End XCConfigurationList section */

/* Begin XCVersionGroup section */
		C1DD22A91A8F883F00DF651B /* MovieDb.xcdatamodeld */ = {
			isa = XCVersionGroup;
			children = (
				C1DD22AA1A8F883F00DF651B /* MovieDb.xcdatamodel */,
			);
			currentVersion = C1DD22AA1A8F883F00DF651B /* MovieDb.xcdatamodel */;
			path = MovieDb.xcdatamodeld;
			sourceTree = "<group>";
			versionGroupType = wrapper.xcdatamodel;
		};
/* End XCVersionGroup section */
	};
	rootObject = C192785A1A8E42BD009573A0 /* Project object */;
}
